github.com/ceocoder/dexter v1.0.0 h1:ojPoB31oxaNAL0S1xeU1VN143xqF8ALjE2iZOCVmKeU=
github.com/ceocoder/dexter v1.0.0/go.mod h1:+Of7zY765nd87ikoKDGZJM9WKWkNmae9hKsPDZjakZ0=
github.com/ljrickard/go/apps/service1 v0.0.0-20240609104017-19168ca66e1e h1:atrIT8kqdq0zOWRhXuDHF/m6hMwE+v9Thu8UuBbkIzQ=
github.com/ljrickard/go/apps/service1 v0.0.0-20240609104017-19168ca66e1e/go.mod h1:FfBS9sSIqwq3/9JH4Y8jn36XG79g8g1Tap76KY7PM4k=
