github.com/ceocoder/dexter v1.0.0 h1:ojPoB31oxaNAL0S1xeU1VN143xqF8ALjE2iZOCVmKeU=
github.com/ceocoder/dexter v1.0.0/go.mod h1:+Of7zY765nd87ikoKDGZJM9WKWkNmae9hKsPDZjakZ0=
github.com/ljrickard/go/apps/service1 v0.0.0-20240609114218-693f49ba7bf2 h1:Xz+inA3115wmDADid5g2nG2zhY2Ll0/O3eJxRm/+r0M=
github.com/ljrickard/go/apps/service1 v0.0.0-20240609114218-693f49ba7bf2/go.mod h1:FfBS9sSIqwq3/9JH4Y8jn36XG79g8g1Tap76KY7PM4k=
